// !$*UTF8*$!
{
	archiveVersion = 1;
	classes = {
	};
	objectVersion = 46;
	objects = {

/* Begin PBXBuildFile section */
		5F56AD701A9518D20045681E /* NotificationCenter.framework in Frameworks */ = {isa = PBXBuildFile; fileRef = 5F56AD6F1A9518D20045681E /* NotificationCenter.framework */; };
		5F56AD751A9518D20045681E /* TodayViewController.swift in Sources */ = {isa = PBXBuildFile; fileRef = 5F56AD741A9518D20045681E /* TodayViewController.swift */; };
		5F56AD771A9518D20045681E /* MainInterface.storyboard in Resources */ = {isa = PBXBuildFile; fileRef = 5F56AD761A9518D20045681E /* MainInterface.storyboard */; };
		5F56AD7A1A9518D20045681E /* Ratty Menu.appex in Embed App Extensions */ = {isa = PBXBuildFile; fileRef = 5F56AD6D1A9518D20045681E /* Ratty Menu.appex */; settings = {ATTRIBUTES = (RemoveHeadersOnCopy, ); }; };
		5F56AD821A951F8D0045681E /* WordCloudView.swift in Sources */ = {isa = PBXBuildFile; fileRef = 5F56AD811A951F8D0045681E /* WordCloudView.swift */; };
		5F56AD841A9530460045681E /* API.swift in Sources */ = {isa = PBXBuildFile; fileRef = 5F56AD831A9530460045681E /* API.swift */; };
		5F56AD861A9563560045681E /* Icons.xcassets in Resources */ = {isa = PBXBuildFile; fileRef = 5F56AD851A9563560045681E /* Icons.xcassets */; };
		5F56AD881A9564660045681E /* MenuSectionView.swift in Sources */ = {isa = PBXBuildFile; fileRef = 5F56AD871A9564660045681E /* MenuSectionView.swift */; };
		5F56AD8A1A95660F0045681E /* MenuView.swift in Sources */ = {isa = PBXBuildFile; fileRef = 5F56AD891A95660F0045681E /* MenuView.swift */; };
		5F56AD8C1A9566320045681E /* StackView.swift in Sources */ = {isa = PBXBuildFile; fileRef = 5F56AD8B1A9566320045681E /* StackView.swift */; };
		5F56AD8F1A9575970045681E /* MealPicker.swift in Sources */ = {isa = PBXBuildFile; fileRef = 5F56AD8E1A9575970045681E /* MealPicker.swift */; };
		5F56AD911A9583800045681E /* MenuLoader.swift in Sources */ = {isa = PBXBuildFile; fileRef = 5F56AD901A9583800045681E /* MenuLoader.swift */; };
		5FCC4A181A93DBED00EEA504 /* UIColor+Extensions.swift in Sources */ = {isa = PBXBuildFile; fileRef = 5FCC4A171A93DBED00EEA504 /* UIColor+Extensions.swift */; };
		5FDECE2C1A92C8DD00E5BD24 /* AppDelegate.swift in Sources */ = {isa = PBXBuildFile; fileRef = 5FDECE2B1A92C8DD00E5BD24 /* AppDelegate.swift */; };
		5FDECE2E1A92C8DD00E5BD24 /* ViewController.swift in Sources */ = {isa = PBXBuildFile; fileRef = 5FDECE2D1A92C8DD00E5BD24 /* ViewController.swift */; };
		5FDECE311A92C8DD00E5BD24 /* Main.storyboard in Resources */ = {isa = PBXBuildFile; fileRef = 5FDECE2F1A92C8DD00E5BD24 /* Main.storyboard */; };
		5FDECE331A92C8DD00E5BD24 /* Images.xcassets in Resources */ = {isa = PBXBuildFile; fileRef = 5FDECE321A92C8DD00E5BD24 /* Images.xcassets */; };
		5FDECE361A92C8DD00E5BD24 /* LaunchScreen.xib in Resources */ = {isa = PBXBuildFile; fileRef = 5FDECE341A92C8DD00E5BD24 /* LaunchScreen.xib */; };
		5FDECE421A92C8DD00E5BD24 /* RattyAppTests.swift in Sources */ = {isa = PBXBuildFile; fileRef = 5FDECE411A92C8DD00E5BD24 /* RattyAppTests.swift */; };
		5FDECE4C1A92C8E800E5BD24 /* API.swift in Sources */ = {isa = PBXBuildFile; fileRef = 5FDECE4B1A92C8E800E5BD24 /* API.swift */; };
		5FDECE4E1A92D61500E5BD24 /* MenuViewController.swift in Sources */ = {isa = PBXBuildFile; fileRef = 5FDECE4D1A92D61500E5BD24 /* MenuViewController.swift */; };
		5FDECE501A92D66500E5BD24 /* MenuTableViewController.swift in Sources */ = {isa = PBXBuildFile; fileRef = 5FDECE4F1A92D66500E5BD24 /* MenuTableViewController.swift */; };
		5FDECE541A92D92800E5BD24 /* SectionCell.swift in Sources */ = {isa = PBXBuildFile; fileRef = 5FDECE531A92D92800E5BD24 /* SectionCell.swift */; };
		5FDECE571A92D9BB00E5BD24 /* MenuRow.swift in Sources */ = {isa = PBXBuildFile; fileRef = 5FDECE551A92D9BB00E5BD24 /* MenuRow.swift */; };
		5FDECE581A92D9BB00E5BD24 /* StackView.swift in Sources */ = {isa = PBXBuildFile; fileRef = 5FDECE561A92D9BB00E5BD24 /* StackView.swift */; };
		5FDECE5A1A92E58700E5BD24 /* Navigation.xib in Resources */ = {isa = PBXBuildFile; fileRef = 5FDECE591A92E58700E5BD24 /* Navigation.xib */; };
		5FDECE5C1A92E6A700E5BD24 /* NavigationView.swift in Sources */ = {isa = PBXBuildFile; fileRef = 5FDECE5B1A92E6A700E5BD24 /* NavigationView.swift */; };
		5FDECE5E1A9300E600E5BD24 /* PageTransitionTracker.swift in Sources */ = {isa = PBXBuildFile; fileRef = 5FDECE5D1A9300E600E5BD24 /* PageTransitionTracker.swift */; };
/* End PBXBuildFile section */

/* Begin PBXContainerItemProxy section */
		5F56AD781A9518D20045681E /* PBXContainerItemProxy */ = {
			isa = PBXContainerItemProxy;
			containerPortal = 5FDECE1E1A92C8DD00E5BD24 /* Project object */;
			proxyType = 1;
			remoteGlobalIDString = 5F56AD6C1A9518D20045681E;
			remoteInfo = "Ratty Menu";
		};
		5FDECE3C1A92C8DD00E5BD24 /* PBXContainerItemProxy */ = {
			isa = PBXContainerItemProxy;
			containerPortal = 5FDECE1E1A92C8DD00E5BD24 /* Project object */;
			proxyType = 1;
			remoteGlobalIDString = 5FDECE251A92C8DD00E5BD24;
			remoteInfo = RattyApp;
		};
/* End PBXContainerItemProxy section */

/* Begin PBXCopyFilesBuildPhase section */
		5F56AD7E1A9518D20045681E /* Embed App Extensions */ = {
			isa = PBXCopyFilesBuildPhase;
			buildActionMask = 2147483647;
			dstPath = "";
			dstSubfolderSpec = 13;
			files = (
				5F56AD7A1A9518D20045681E /* Ratty Menu.appex in Embed App Extensions */,
			);
			name = "Embed App Extensions";
			runOnlyForDeploymentPostprocessing = 0;
		};
/* End PBXCopyFilesBuildPhase section */

/* Begin PBXFileReference section */
		5F56AD6D1A9518D20045681E /* Ratty Menu.appex */ = {isa = PBXFileReference; explicitFileType = "wrapper.app-extension"; includeInIndex = 0; path = "Ratty Menu.appex"; sourceTree = BUILT_PRODUCTS_DIR; };
		5F56AD6F1A9518D20045681E /* NotificationCenter.framework */ = {isa = PBXFileReference; lastKnownFileType = wrapper.framework; name = NotificationCenter.framework; path = System/Library/Frameworks/NotificationCenter.framework; sourceTree = SDKROOT; };
		5F56AD731A9518D20045681E /* Info.plist */ = {isa = PBXFileReference; lastKnownFileType = text.plist.xml; path = Info.plist; sourceTree = "<group>"; };
		5F56AD741A9518D20045681E /* TodayViewController.swift */ = {isa = PBXFileReference; lastKnownFileType = sourcecode.swift; path = TodayViewController.swift; sourceTree = "<group>"; };
		5F56AD761A9518D20045681E /* MainInterface.storyboard */ = {isa = PBXFileReference; lastKnownFileType = file.storyboard; path = MainInterface.storyboard; sourceTree = "<group>"; };
		5F56AD811A951F8D0045681E /* WordCloudView.swift */ = {isa = PBXFileReference; fileEncoding = 4; lastKnownFileType = sourcecode.swift; path = WordCloudView.swift; sourceTree = "<group>"; };
		5F56AD831A9530460045681E /* API.swift */ = {isa = PBXFileReference; fileEncoding = 4; lastKnownFileType = sourcecode.swift; name = API.swift; path = RattyApp/API.swift; sourceTree = SOURCE_ROOT; };
		5F56AD851A9563560045681E /* Icons.xcassets */ = {isa = PBXFileReference; lastKnownFileType = folder.assetcatalog; path = Icons.xcassets; sourceTree = "<group>"; };
		5F56AD871A9564660045681E /* MenuSectionView.swift */ = {isa = PBXFileReference; fileEncoding = 4; lastKnownFileType = sourcecode.swift; path = MenuSectionView.swift; sourceTree = "<group>"; };
		5F56AD891A95660F0045681E /* MenuView.swift */ = {isa = PBXFileReference; fileEncoding = 4; lastKnownFileType = sourcecode.swift; path = MenuView.swift; sourceTree = "<group>"; };
		5F56AD8B1A9566320045681E /* StackView.swift */ = {isa = PBXFileReference; fileEncoding = 4; lastKnownFileType = sourcecode.swift; name = StackView.swift; path = RattyApp/StackView.swift; sourceTree = SOURCE_ROOT; };
		5F56AD8E1A9575970045681E /* MealPicker.swift */ = {isa = PBXFileReference; fileEncoding = 4; lastKnownFileType = sourcecode.swift; path = MealPicker.swift; sourceTree = "<group>"; };
		5F56AD901A9583800045681E /* MenuLoader.swift */ = {isa = PBXFileReference; fileEncoding = 4; lastKnownFileType = sourcecode.swift; path = MenuLoader.swift; sourceTree = "<group>"; };
		5FCC4A171A93DBED00EEA504 /* UIColor+Extensions.swift */ = {isa = PBXFileReference; fileEncoding = 4; lastKnownFileType = sourcecode.swift; path = "UIColor+Extensions.swift"; sourceTree = "<group>"; };
		5FDECE261A92C8DD00E5BD24 /* RattyApp.app */ = {isa = PBXFileReference; explicitFileType = wrapper.application; includeInIndex = 0; path = RattyApp.app; sourceTree = BUILT_PRODUCTS_DIR; };
		5FDECE2A1A92C8DD00E5BD24 /* Info.plist */ = {isa = PBXFileReference; lastKnownFileType = text.plist.xml; path = Info.plist; sourceTree = "<group>"; };
		5FDECE2B1A92C8DD00E5BD24 /* AppDelegate.swift */ = {isa = PBXFileReference; lastKnownFileType = sourcecode.swift; path = AppDelegate.swift; sourceTree = "<group>"; };
		5FDECE2D1A92C8DD00E5BD24 /* ViewController.swift */ = {isa = PBXFileReference; lastKnownFileType = sourcecode.swift; path = ViewController.swift; sourceTree = "<group>"; };
		5FDECE301A92C8DD00E5BD24 /* Base */ = {isa = PBXFileReference; lastKnownFileType = file.storyboard; name = Base; path = Base.lproj/Main.storyboard; sourceTree = "<group>"; };
		5FDECE321A92C8DD00E5BD24 /* Images.xcassets */ = {isa = PBXFileReference; lastKnownFileType = folder.assetcatalog; path = Images.xcassets; sourceTree = "<group>"; };
		5FDECE351A92C8DD00E5BD24 /* Base */ = {isa = PBXFileReference; lastKnownFileType = file.xib; name = Base; path = Base.lproj/LaunchScreen.xib; sourceTree = "<group>"; };
		5FDECE3B1A92C8DD00E5BD24 /* RattyAppTests.xctest */ = {isa = PBXFileReference; explicitFileType = wrapper.cfbundle; includeInIndex = 0; path = RattyAppTests.xctest; sourceTree = BUILT_PRODUCTS_DIR; };
		5FDECE401A92C8DD00E5BD24 /* Info.plist */ = {isa = PBXFileReference; lastKnownFileType = text.plist.xml; path = Info.plist; sourceTree = "<group>"; };
		5FDECE411A92C8DD00E5BD24 /* RattyAppTests.swift */ = {isa = PBXFileReference; lastKnownFileType = sourcecode.swift; path = RattyAppTests.swift; sourceTree = "<group>"; };
		5FDECE4B1A92C8E800E5BD24 /* API.swift */ = {isa = PBXFileReference; fileEncoding = 4; lastKnownFileType = sourcecode.swift; path = API.swift; sourceTree = "<group>"; };
		5FDECE4D1A92D61500E5BD24 /* MenuViewController.swift */ = {isa = PBXFileReference; fileEncoding = 4; lastKnownFileType = sourcecode.swift; path = MenuViewController.swift; sourceTree = "<group>"; };
		5FDECE4F1A92D66500E5BD24 /* MenuTableViewController.swift */ = {isa = PBXFileReference; fileEncoding = 4; lastKnownFileType = sourcecode.swift; path = MenuTableViewController.swift; sourceTree = "<group>"; };
		5FDECE531A92D92800E5BD24 /* SectionCell.swift */ = {isa = PBXFileReference; fileEncoding = 4; lastKnownFileType = sourcecode.swift; path = SectionCell.swift; sourceTree = "<group>"; };
		5FDECE551A92D9BB00E5BD24 /* MenuRow.swift */ = {isa = PBXFileReference; fileEncoding = 4; lastKnownFileType = sourcecode.swift; path = MenuRow.swift; sourceTree = "<group>"; };
		5FDECE561A92D9BB00E5BD24 /* StackView.swift */ = {isa = PBXFileReference; fileEncoding = 4; lastKnownFileType = sourcecode.swift; path = StackView.swift; sourceTree = "<group>"; };
		5FDECE591A92E58700E5BD24 /* Navigation.xib */ = {isa = PBXFileReference; fileEncoding = 4; lastKnownFileType = file.xib; path = Navigation.xib; sourceTree = "<group>"; };
		5FDECE5B1A92E6A700E5BD24 /* NavigationView.swift */ = {isa = PBXFileReference; fileEncoding = 4; lastKnownFileType = sourcecode.swift; path = NavigationView.swift; sourceTree = "<group>"; };
		5FDECE5D1A9300E600E5BD24 /* PageTransitionTracker.swift */ = {isa = PBXFileReference; fileEncoding = 4; lastKnownFileType = sourcecode.swift; path = PageTransitionTracker.swift; sourceTree = "<group>"; };
/* End PBXFileReference section */

/* Begin PBXFrameworksBuildPhase section */
		5F56AD6A1A9518D20045681E /* Frameworks */ = {
			isa = PBXFrameworksBuildPhase;
			buildActionMask = 2147483647;
			files = (
				5F56AD701A9518D20045681E /* NotificationCenter.framework in Frameworks */,
			);
			runOnlyForDeploymentPostprocessing = 0;
		};
		5FDECE231A92C8DD00E5BD24 /* Frameworks */ = {
			isa = PBXFrameworksBuildPhase;
			buildActionMask = 2147483647;
			files = (
			);
			runOnlyForDeploymentPostprocessing = 0;
		};
		5FDECE381A92C8DD00E5BD24 /* Frameworks */ = {
			isa = PBXFrameworksBuildPhase;
			buildActionMask = 2147483647;
			files = (
			);
			runOnlyForDeploymentPostprocessing = 0;
		};
/* End PBXFrameworksBuildPhase section */

/* Begin PBXGroup section */
		5F56AD6E1A9518D20045681E /* Frameworks */ = {
			isa = PBXGroup;
			children = (
				5F56AD6F1A9518D20045681E /* NotificationCenter.framework */,
			);
			name = Frameworks;
			sourceTree = "<group>";
		};
		5F56AD711A9518D20045681E /* Ratty Menu */ = {
			isa = PBXGroup;
			children = (
				5F56AD741A9518D20045681E /* TodayViewController.swift */,
				5F56AD8E1A9575970045681E /* MealPicker.swift */,
				5F56AD901A9583800045681E /* MenuLoader.swift */,
				5F56AD8D1A95673B0045681E /* Shared */,
				5F56AD891A95660F0045681E /* MenuView.swift */,
				5F56AD871A9564660045681E /* MenuSectionView.swift */,
				5F56AD851A9563560045681E /* Icons.xcassets */,
				5F56AD811A951F8D0045681E /* WordCloudView.swift */,
				5F56AD761A9518D20045681E /* MainInterface.storyboard */,
				5F56AD721A9518D20045681E /* Supporting Files */,
			);
			path = "Ratty Menu";
			sourceTree = "<group>";
		};
		5F56AD721A9518D20045681E /* Supporting Files */ = {
			isa = PBXGroup;
			children = (
				5F56AD731A9518D20045681E /* Info.plist */,
			);
			name = "Supporting Files";
			sourceTree = "<group>";
		};
		5F56AD8D1A95673B0045681E /* Shared */ = {
			isa = PBXGroup;
			children = (
				5F56AD831A9530460045681E /* API.swift */,
				5F56AD8B1A9566320045681E /* StackView.swift */,
			);
			name = Shared;
			sourceTree = "<group>";
		};
		5FDECE1D1A92C8DD00E5BD24 = {
			isa = PBXGroup;
			children = (
				5FDECE281A92C8DD00E5BD24 /* RattyApp */,
				5FDECE3E1A92C8DD00E5BD24 /* RattyAppTests */,
				5F56AD711A9518D20045681E /* Ratty Menu */,
				5F56AD6E1A9518D20045681E /* Frameworks */,
				5FDECE271A92C8DD00E5BD24 /* Products */,
			);
			sourceTree = "<group>";
		};
		5FDECE271A92C8DD00E5BD24 /* Products */ = {
			isa = PBXGroup;
			children = (
				5FDECE261A92C8DD00E5BD24 /* RattyApp.app */,
				5FDECE3B1A92C8DD00E5BD24 /* RattyAppTests.xctest */,
				5F56AD6D1A9518D20045681E /* Ratty Menu.appex */,
			);
			name = Products;
			sourceTree = "<group>";
		};
		5FDECE281A92C8DD00E5BD24 /* RattyApp */ = {
			isa = PBXGroup;
			children = (
				5FDECE2B1A92C8DD00E5BD24 /* AppDelegate.swift */,
				5FDECE2D1A92C8DD00E5BD24 /* ViewController.swift */,
				5FDECE4B1A92C8E800E5BD24 /* API.swift */,
				5FDECE4D1A92D61500E5BD24 /* MenuViewController.swift */,
				5FCC4A171A93DBED00EEA504 /* UIColor+Extensions.swift */,
				5FDECE4F1A92D66500E5BD24 /* MenuTableViewController.swift */,
				5FDECE531A92D92800E5BD24 /* SectionCell.swift */,
				5FDECE5D1A9300E600E5BD24 /* PageTransitionTracker.swift */,
				5FDECE551A92D9BB00E5BD24 /* MenuRow.swift */,
				5FDECE561A92D9BB00E5BD24 /* StackView.swift */,
				5FDECE5B1A92E6A700E5BD24 /* NavigationView.swift */,
				5FDECE2F1A92C8DD00E5BD24 /* Main.storyboard */,
				5FDECE591A92E58700E5BD24 /* Navigation.xib */,
				5FDECE321A92C8DD00E5BD24 /* Images.xcassets */,
				5FDECE341A92C8DD00E5BD24 /* LaunchScreen.xib */,
				5FDECE291A92C8DD00E5BD24 /* Supporting Files */,
			);
			path = RattyApp;
			sourceTree = "<group>";
		};
		5FDECE291A92C8DD00E5BD24 /* Supporting Files */ = {
			isa = PBXGroup;
			children = (
				5FDECE2A1A92C8DD00E5BD24 /* Info.plist */,
			);
			name = "Supporting Files";
			sourceTree = "<group>";
		};
		5FDECE3E1A92C8DD00E5BD24 /* RattyAppTests */ = {
			isa = PBXGroup;
			children = (
				5FDECE411A92C8DD00E5BD24 /* RattyAppTests.swift */,
				5FDECE3F1A92C8DD00E5BD24 /* Supporting Files */,
			);
			path = RattyAppTests;
			sourceTree = "<group>";
		};
		5FDECE3F1A92C8DD00E5BD24 /* Supporting Files */ = {
			isa = PBXGroup;
			children = (
				5FDECE401A92C8DD00E5BD24 /* Info.plist */,
			);
			name = "Supporting Files";
			sourceTree = "<group>";
		};
/* End PBXGroup section */

/* Begin PBXNativeTarget section */
		5F56AD6C1A9518D20045681E /* Ratty Menu */ = {
			isa = PBXNativeTarget;
			buildConfigurationList = 5F56AD7D1A9518D20045681E /* Build configuration list for PBXNativeTarget "Ratty Menu" */;
			buildPhases = (
				5F56AD691A9518D20045681E /* Sources */,
				5F56AD6A1A9518D20045681E /* Frameworks */,
				5F56AD6B1A9518D20045681E /* Resources */,
			);
			buildRules = (
			);
			dependencies = (
			);
			name = "Ratty Menu";
			productName = "Ratty Menu";
			productReference = 5F56AD6D1A9518D20045681E /* Ratty Menu.appex */;
			productType = "com.apple.product-type.app-extension";
		};
		5FDECE251A92C8DD00E5BD24 /* RattyApp */ = {
			isa = PBXNativeTarget;
			buildConfigurationList = 5FDECE451A92C8DD00E5BD24 /* Build configuration list for PBXNativeTarget "RattyApp" */;
			buildPhases = (
				5FDECE221A92C8DD00E5BD24 /* Sources */,
				5FDECE231A92C8DD00E5BD24 /* Frameworks */,
				5FDECE241A92C8DD00E5BD24 /* Resources */,
				5F56AD7E1A9518D20045681E /* Embed App Extensions */,
			);
			buildRules = (
			);
			dependencies = (
				5F56AD791A9518D20045681E /* PBXTargetDependency */,
			);
			name = RattyApp;
			productName = RattyApp;
			productReference = 5FDECE261A92C8DD00E5BD24 /* RattyApp.app */;
			productType = "com.apple.product-type.application";
		};
		5FDECE3A1A92C8DD00E5BD24 /* RattyAppTests */ = {
			isa = PBXNativeTarget;
			buildConfigurationList = 5FDECE481A92C8DD00E5BD24 /* Build configuration list for PBXNativeTarget "RattyAppTests" */;
			buildPhases = (
				5FDECE371A92C8DD00E5BD24 /* Sources */,
				5FDECE381A92C8DD00E5BD24 /* Frameworks */,
				5FDECE391A92C8DD00E5BD24 /* Resources */,
			);
			buildRules = (
			);
			dependencies = (
				5FDECE3D1A92C8DD00E5BD24 /* PBXTargetDependency */,
			);
			name = RattyAppTests;
			productName = RattyAppTests;
			productReference = 5FDECE3B1A92C8DD00E5BD24 /* RattyAppTests.xctest */;
			productType = "com.apple.product-type.bundle.unit-test";
		};
/* End PBXNativeTarget section */

/* Begin PBXProject section */
		5FDECE1E1A92C8DD00E5BD24 /* Project object */ = {
			isa = PBXProject;
			attributes = {
				LastUpgradeCheck = 0610;
				ORGANIZATIONNAME = "Nate Parrott";
				TargetAttributes = {
					5F56AD6C1A9518D20045681E = {
						CreatedOnToolsVersion = 6.1;
						DevelopmentTeam = VPN8ZW6EAC;
					};
					5FDECE251A92C8DD00E5BD24 = {
						CreatedOnToolsVersion = 6.1;
						DevelopmentTeam = VPN8ZW6EAC;
					};
					5FDECE3A1A92C8DD00E5BD24 = {
						CreatedOnToolsVersion = 6.1;
						TestTargetID = 5FDECE251A92C8DD00E5BD24;
					};
				};
			};
			buildConfigurationList = 5FDECE211A92C8DD00E5BD24 /* Build configuration list for PBXProject "RattyApp" */;
			compatibilityVersion = "Xcode 3.2";
			developmentRegion = English;
			hasScannedForEncodings = 0;
			knownRegions = (
				en,
				Base,
			);
			mainGroup = 5FDECE1D1A92C8DD00E5BD24;
			productRefGroup = 5FDECE271A92C8DD00E5BD24 /* Products */;
			projectDirPath = "";
			projectRoot = "";
			targets = (
				5FDECE251A92C8DD00E5BD24 /* RattyApp */,
				5FDECE3A1A92C8DD00E5BD24 /* RattyAppTests */,
				5F56AD6C1A9518D20045681E /* Ratty Menu */,
			);
		};
/* End PBXProject section */

/* Begin PBXResourcesBuildPhase section */
		5F56AD6B1A9518D20045681E /* Resources */ = {
			isa = PBXResourcesBuildPhase;
			buildActionMask = 2147483647;
			files = (
				5F56AD861A9563560045681E /* Icons.xcassets in Resources */,
				5F56AD771A9518D20045681E /* MainInterface.storyboard in Resources */,
			);
			runOnlyForDeploymentPostprocessing = 0;
		};
		5FDECE241A92C8DD00E5BD24 /* Resources */ = {
			isa = PBXResourcesBuildPhase;
			buildActionMask = 2147483647;
			files = (
				5FDECE311A92C8DD00E5BD24 /* Main.storyboard in Resources */,
				5FDECE361A92C8DD00E5BD24 /* LaunchScreen.xib in Resources */,
				5FDECE331A92C8DD00E5BD24 /* Images.xcassets in Resources */,
				5FDECE5A1A92E58700E5BD24 /* Navigation.xib in Resources */,
			);
			runOnlyForDeploymentPostprocessing = 0;
		};
		5FDECE391A92C8DD00E5BD24 /* Resources */ = {
			isa = PBXResourcesBuildPhase;
			buildActionMask = 2147483647;
			files = (
			);
			runOnlyForDeploymentPostprocessing = 0;
		};
/* End PBXResourcesBuildPhase section */

/* Begin PBXSourcesBuildPhase section */
		5F56AD691A9518D20045681E /* Sources */ = {
			isa = PBXSourcesBuildPhase;
			buildActionMask = 2147483647;
			files = (
				5F56AD8A1A95660F0045681E /* MenuView.swift in Sources */,
				5F56AD751A9518D20045681E /* TodayViewController.swift in Sources */,
				5F56AD881A9564660045681E /* MenuSectionView.swift in Sources */,
				5F56AD8F1A9575970045681E /* MealPicker.swift in Sources */,
				5F56AD821A951F8D0045681E /* WordCloudView.swift in Sources */,
				5F56AD841A9530460045681E /* API.swift in Sources */,
				5F56AD8C1A9566320045681E /* StackView.swift in Sources */,
				5F56AD911A9583800045681E /* MenuLoader.swift in Sources */,
			);
			runOnlyForDeploymentPostprocessing = 0;
		};
		5FDECE221A92C8DD00E5BD24 /* Sources */ = {
			isa = PBXSourcesBuildPhase;
			buildActionMask = 2147483647;
			files = (
				5FDECE5E1A9300E600E5BD24 /* PageTransitionTracker.swift in Sources */,
				5FDECE2E1A92C8DD00E5BD24 /* ViewController.swift in Sources */,
				5FDECE5C1A92E6A700E5BD24 /* NavigationView.swift in Sources */,
				5FDECE571A92D9BB00E5BD24 /* MenuRow.swift in Sources */,
				5FDECE4C1A92C8E800E5BD24 /* API.swift in Sources */,
				5FDECE581A92D9BB00E5BD24 /* StackView.swift in Sources */,
				5FDECE501A92D66500E5BD24 /* MenuTableViewController.swift in Sources */,
				5FDECE541A92D92800E5BD24 /* SectionCell.swift in Sources */,
				5FCC4A181A93DBED00EEA504 /* UIColor+Extensions.swift in Sources */,
				5FDECE2C1A92C8DD00E5BD24 /* AppDelegate.swift in Sources */,
				5FDECE4E1A92D61500E5BD24 /* MenuViewController.swift in Sources */,
			);
			runOnlyForDeploymentPostprocessing = 0;
		};
		5FDECE371A92C8DD00E5BD24 /* Sources */ = {
			isa = PBXSourcesBuildPhase;
			buildActionMask = 2147483647;
			files = (
				5FDECE421A92C8DD00E5BD24 /* RattyAppTests.swift in Sources */,
			);
			runOnlyForDeploymentPostprocessing = 0;
		};
/* End PBXSourcesBuildPhase section */

/* Begin PBXTargetDependency section */
		5F56AD791A9518D20045681E /* PBXTargetDependency */ = {
			isa = PBXTargetDependency;
			target = 5F56AD6C1A9518D20045681E /* Ratty Menu */;
			targetProxy = 5F56AD781A9518D20045681E /* PBXContainerItemProxy */;
		};
		5FDECE3D1A92C8DD00E5BD24 /* PBXTargetDependency */ = {
			isa = PBXTargetDependency;
			target = 5FDECE251A92C8DD00E5BD24 /* RattyApp */;
			targetProxy = 5FDECE3C1A92C8DD00E5BD24 /* PBXContainerItemProxy */;
		};
/* End PBXTargetDependency section */

/* Begin PBXVariantGroup section */
		5FDECE2F1A92C8DD00E5BD24 /* Main.storyboard */ = {
			isa = PBXVariantGroup;
			children = (
				5FDECE301A92C8DD00E5BD24 /* Base */,
			);
			name = Main.storyboard;
			sourceTree = "<group>";
		};
		5FDECE341A92C8DD00E5BD24 /* LaunchScreen.xib */ = {
			isa = PBXVariantGroup;
			children = (
				5FDECE351A92C8DD00E5BD24 /* Base */,
			);
			name = LaunchScreen.xib;
			sourceTree = "<group>";
		};
/* End PBXVariantGroup section */

/* Begin XCBuildConfiguration section */
		5F56AD7B1A9518D20045681E /* Debug */ = {
			isa = XCBuildConfiguration;
			buildSettings = {
				CODE_SIGN_IDENTITY = "iPhone Developer";
				"CODE_SIGN_IDENTITY[sdk=iphoneos*]" = "iPhone Developer";
				GCC_PREPROCESSOR_DEFINITIONS = (
					"DEBUG=1",
					"$(inherited)",
				);
				INFOPLIST_FILE = "Ratty Menu/Info.plist";
				LD_RUNPATH_SEARCH_PATHS = "$(inherited) @executable_path/Frameworks @executable_path/../../Frameworks";
				PRODUCT_NAME = "$(TARGET_NAME)";
				PROVISIONING_PROFILE = "";
				SKIP_INSTALL = YES;
			};
			name = Debug;
		};
		5F56AD7C1A9518D20045681E /* Release */ = {
			isa = XCBuildConfiguration;
			buildSettings = {
				CODE_SIGN_IDENTITY = "iPhone Developer";
				"CODE_SIGN_IDENTITY[sdk=iphoneos*]" = "iPhone Developer";
				INFOPLIST_FILE = "Ratty Menu/Info.plist";
				LD_RUNPATH_SEARCH_PATHS = "$(inherited) @executable_path/Frameworks @executable_path/../../Frameworks";
				PRODUCT_NAME = "$(TARGET_NAME)";
				PROVISIONING_PROFILE = "";
				SKIP_INSTALL = YES;
			};
			name = Release;
		};
		5FDECE431A92C8DD00E5BD24 /* Debug */ = {
			isa = XCBuildConfiguration;
			buildSettings = {
				ALWAYS_SEARCH_USER_PATHS = NO;
				CLANG_CXX_LANGUAGE_STANDARD = "gnu++0x";
				CLANG_CXX_LIBRARY = "libc++";
				CLANG_ENABLE_MODULES = YES;
				CLANG_ENABLE_OBJC_ARC = YES;
				CLANG_WARN_BOOL_CONVERSION = YES;
				CLANG_WARN_CONSTANT_CONVERSION = YES;
				CLANG_WARN_DIRECT_OBJC_ISA_USAGE = YES_ERROR;
				CLANG_WARN_EMPTY_BODY = YES;
				CLANG_WARN_ENUM_CONVERSION = YES;
				CLANG_WARN_INT_CONVERSION = YES;
				CLANG_WARN_OBJC_ROOT_CLASS = YES_ERROR;
				CLANG_WARN_UNREACHABLE_CODE = YES;
				CLANG_WARN__DUPLICATE_METHOD_MATCH = YES;
				"CODE_SIGN_IDENTITY[sdk=iphoneos*]" = "iPhone Developer";
				COPY_PHASE_STRIP = NO;
				ENABLE_STRICT_OBJC_MSGSEND = YES;
				GCC_C_LANGUAGE_STANDARD = gnu99;
				GCC_DYNAMIC_NO_PIC = NO;
				GCC_OPTIMIZATION_LEVEL = 0;
				GCC_PREPROCESSOR_DEFINITIONS = (
					"DEBUG=1",
					"$(inherited)",
				);
				GCC_SYMBOLS_PRIVATE_EXTERN = NO;
				GCC_WARN_64_TO_32_BIT_CONVERSION = YES;
				GCC_WARN_ABOUT_RETURN_TYPE = YES_ERROR;
				GCC_WARN_UNDECLARED_SELECTOR = YES;
				GCC_WARN_UNINITIALIZED_AUTOS = YES_AGGRESSIVE;
				GCC_WARN_UNUSED_FUNCTION = YES;
				GCC_WARN_UNUSED_VARIABLE = YES;
				IPHONEOS_DEPLOYMENT_TARGET = 8.1;
				MTL_ENABLE_DEBUG_INFO = YES;
				ONLY_ACTIVE_ARCH = YES;
				SDKROOT = iphoneos;
				SWIFT_OPTIMIZATION_LEVEL = "-Onone";
			};
			name = Debug;
		};
		5FDECE441A92C8DD00E5BD24 /* Release */ = {
			isa = XCBuildConfiguration;
			buildSettings = {
				ALWAYS_SEARCH_USER_PATHS = NO;
				CLANG_CXX_LANGUAGE_STANDARD = "gnu++0x";
				CLANG_CXX_LIBRARY = "libc++";
				CLANG_ENABLE_MODULES = YES;
				CLANG_ENABLE_OBJC_ARC = YES;
				CLANG_WARN_BOOL_CONVERSION = YES;
				CLANG_WARN_CONSTANT_CONVERSION = YES;
				CLANG_WARN_DIRECT_OBJC_ISA_USAGE = YES_ERROR;
				CLANG_WARN_EMPTY_BODY = YES;
				CLANG_WARN_ENUM_CONVERSION = YES;
				CLANG_WARN_INT_CONVERSION = YES;
				CLANG_WARN_OBJC_ROOT_CLASS = YES_ERROR;
				CLANG_WARN_UNREACHABLE_CODE = YES;
				CLANG_WARN__DUPLICATE_METHOD_MATCH = YES;
				"CODE_SIGN_IDENTITY[sdk=iphoneos*]" = "iPhone Developer";
				COPY_PHASE_STRIP = YES;
				ENABLE_NS_ASSERTIONS = NO;
				ENABLE_STRICT_OBJC_MSGSEND = YES;
				GCC_C_LANGUAGE_STANDARD = gnu99;
				GCC_WARN_64_TO_32_BIT_CONVERSION = YES;
				GCC_WARN_ABOUT_RETURN_TYPE = YES_ERROR;
				GCC_WARN_UNDECLARED_SELECTOR = YES;
				GCC_WARN_UNINITIALIZED_AUTOS = YES_AGGRESSIVE;
				GCC_WARN_UNUSED_FUNCTION = YES;
				GCC_WARN_UNUSED_VARIABLE = YES;
				IPHONEOS_DEPLOYMENT_TARGET = 8.1;
				MTL_ENABLE_DEBUG_INFO = NO;
				SDKROOT = iphoneos;
				VALIDATE_PRODUCT = YES;
			};
			name = Release;
		};
		5FDECE461A92C8DD00E5BD24 /* Debug */ = {
			isa = XCBuildConfiguration;
			buildSettings = {
				ASSETCATALOG_COMPILER_APPICON_NAME = AppIcon;
				EMBEDDED_CONTENT_CONTAINS_SWIFT = YES;
				INFOPLIST_FILE = RattyApp/Info.plist;
				LD_RUNPATH_SEARCH_PATHS = "$(inherited) @executable_path/Frameworks";
				PRODUCT_NAME = "$(TARGET_NAME)";
			};
			name = Debug;
		};
		5FDECE471A92C8DD00E5BD24 /* Release */ = {
			isa = XCBuildConfiguration;
			buildSettings = {
				ASSETCATALOG_COMPILER_APPICON_NAME = AppIcon;
				EMBEDDED_CONTENT_CONTAINS_SWIFT = YES;
				INFOPLIST_FILE = RattyApp/Info.plist;
				LD_RUNPATH_SEARCH_PATHS = "$(inherited) @executable_path/Frameworks";
				PRODUCT_NAME = "$(TARGET_NAME)";
			};
			name = Release;
		};
		5FDECE491A92C8DD00E5BD24 /* Debug */ = {
			isa = XCBuildConfiguration;
			buildSettings = {
				BUNDLE_LOADER = "$(TEST_HOST)";
				FRAMEWORK_SEARCH_PATHS = (
					"$(SDKROOT)/Developer/Library/Frameworks",
					"$(inherited)",
				);
				GCC_PREPROCESSOR_DEFINITIONS = (
					"DEBUG=1",
					"$(inherited)",
				);
				INFOPLIST_FILE = RattyAppTests/Info.plist;
				LD_RUNPATH_SEARCH_PATHS = "$(inherited) @executable_path/Frameworks @loader_path/Frameworks";
				PRODUCT_NAME = "$(TARGET_NAME)";
				TEST_HOST = "$(BUILT_PRODUCTS_DIR)/RattyApp.app/RattyApp";
			};
			name = Debug;
		};
		5FDECE4A1A92C8DD00E5BD24 /* Release */ = {
			isa = XCBuildConfiguration;
			buildSettings = {
				BUNDLE_LOADER = "$(TEST_HOST)";
				FRAMEWORK_SEARCH_PATHS = (
					"$(SDKROOT)/Developer/Library/Frameworks",
					"$(inherited)",
				);
				INFOPLIST_FILE = RattyAppTests/Info.plist;
				LD_RUNPATH_SEARCH_PATHS = "$(inherited) @executable_path/Frameworks @loader_path/Frameworks";
				PRODUCT_NAME = "$(TARGET_NAME)";
				TEST_HOST = "$(BUILT_PRODUCTS_DIR)/RattyApp.app/RattyApp";
			};
			name = Release;
		};
/* End XCBuildConfiguration section */

/* Begin XCConfigurationList section */
		5F56AD7D1A9518D20045681E /* Build configuration list for PBXNativeTarget "Ratty Menu" */ = {
			isa = XCConfigurationList;
			buildConfigurations = (
				5F56AD7B1A9518D20045681E /* Debug */,
				5F56AD7C1A9518D20045681E /* Release */,
			);
			defaultConfigurationIsVisible = 0;
		};
		5FDECE211A92C8DD00E5BD24 /* Build configuration list for PBXProject "RattyApp" */ = {
			isa = XCConfigurationList;
			buildConfigurations = (
				5FDECE431A92C8DD00E5BD24 /* Debug */,
				5FDECE441A92C8DD00E5BD24 /* Release */,
			);
			defaultConfigurationIsVisible = 0;
			defaultConfigurationName = Release;
		};
		5FDECE451A92C8DD00E5BD24 /* Build configuration list for PBXNativeTarget "RattyApp" */ = {
			isa = XCConfigurationList;
			buildConfigurations = (
				5FDECE461A92C8DD00E5BD24 /* Debug */,
				5FDECE471A92C8DD00E5BD24 /* Release */,
			);
			defaultConfigurationIsVisible = 0;
			defaultConfigurationName = Release;
		};
		5FDECE481A92C8DD00E5BD24 /* Build configuration list for PBXNativeTarget "RattyAppTests" */ = {
			isa = XCConfigurationList;
			buildConfigurations = (
				5FDECE491A92C8DD00E5BD24 /* Debug */,
				5FDECE4A1A92C8DD00E5BD24 /* Release */,
			);
			defaultConfigurationIsVisible = 0;
			defaultConfigurationName = Release;
		};
/* End XCConfigurationList section */
	};
	rootObject = 5FDECE1E1A92C8DD00E5BD24 /* Project object */;
}
